
Microsoft Visual Studio Solution File, Format Version 12.00
# Visual Studio Version 17
VisualStudioVersion = 17.12.35527.113
MinimumVisualStudioVersion = 10.0.40219.1
Project("{FAE04EC0-301F-11D3-BF4B-00C04F79EFBC}") = "ClothesRentalSystem.Entity", "ClothesRentalSystem.Entity\ClothesRentalSystem.Entity.csproj", "{D6CF26D0-5E5B-4D9B-B828-923C86E3BA11}"
EndProject
Project("{FAE04EC0-301F-11D3-BF4B-00C04F79EFBC}") = "ClothesRentalSystem.Util", "ClothesRentalSystem.Util\ClothesRentalSystem.Util.csproj", "{E272DB87-CD2E-422F-8370-773F9B1DA08F}"
EndProject
Project("{FAE04EC0-301F-11D3-BF4B-00C04F79EFBC}") = "ClothesRentalSystem.Exception", "ClothesRentalSystem.Exception\ClothesRentalSystem.Exception.csproj", "{29E89A68-DBF5-4317-B920-00D136C259D8}"
EndProject
Project("{FAE04EC0-301F-11D3-BF4B-00C04F79EFBC}") = "ClothesRentalSystem.Repository", "ClothesRentalSystem.Repository\ClothesRentalSystem.Repository.csproj", "{C92EC289-179D-4CA8-833A-3D448EEFB71C}"
EndProject
Project("{FAE04EC0-301F-11D3-BF4B-00C04F79EFBC}") = "ClothesRentalSystem.Service", "ClothesRentalSystem.Service\ClothesRentalSystem.Service.csproj", "{FE78F00B-36C8-4452-8F9D-2884F5E3C406}"
EndProject
Project("{FAE04EC0-301F-11D3-BF4B-00C04F79EFBC}") = "ClothesRentalSystem.Presentation", "ClothesRentalSystem.Presentation\ClothesRentalSystem.Presentation.csproj", "{ADD6C757-A342-4940-A6B0-4CE6BE8FE38A}"
EndProject
Project("{FAE04EC0-301F-11D3-BF4B-00C04F79EFBC}") = "ClothesRentalSystem.UI.ConsoleApp", "ClothesRentalSystem.UI.ConsoleApp\ClothesRentalSystem.UI.ConsoleApp.csproj", "{289615C8-8053-6B0C-BA00-102420E8D267}"
EndProject
Global
	GlobalSection(SolutionConfigurationPlatforms) = preSolution
		Debug|Any CPU = Debug|Any CPU
		Release|Any CPU = Release|Any CPU
	EndGlobalSection
	GlobalSection(ProjectConfigurationPlatforms) = postSolution
		{D6CF26D0-5E5B-4D9B-B828-923C86E3BA11}.Debug|Any CPU.ActiveCfg = Debug|Any CPU
		{D6CF26D0-5E5B-4D9B-B828-923C86E3BA11}.Debug|Any CPU.Build.0 = Debug|Any CPU
		{D6CF26D0-5E5B-4D9B-B828-923C86E3BA11}.Release|Any CPU.ActiveCfg = Release|Any CPU
		{D6CF26D0-5E5B-4D9B-B828-923C86E3BA11}.Release|Any CPU.Build.0 = Release|Any CPU
		{E272DB87-CD2E-422F-8370-773F9B1DA08F}.Debug|Any CPU.ActiveCfg = Debug|Any CPU
		{E272DB87-CD2E-422F-8370-773F9B1DA08F}.Debug|Any CPU.Build.0 = Debug|Any CPU
		{E272DB87-CD2E-422F-8370-773F9B1DA08F}.Release|Any CPU.ActiveCfg = Release|Any CPU
		{E272DB87-CD2E-422F-8370-773F9B1DA08F}.Release|Any CPU.Build.0 = Release|Any CPU
		{29E89A68-DBF5-4317-B920-00D136C259D8}.Debug|Any CPU.ActiveCfg = Debug|Any CPU
		{29E89A68-DBF5-4317-B920-00D136C259D8}.Debug|Any CPU.Build.0 = Debug|Any CPU
		{29E89A68-DBF5-4317-B920-00D136C259D8}.Release|Any CPU.ActiveCfg = Release|Any CPU
		{29E89A68-DBF5-4317-B920-00D136C259D8}.Release|Any CPU.Build.0 = Release|Any CPU
		{C92EC289-179D-4CA8-833A-3D448EEFB71C}.Debug|Any CPU.ActiveCfg = Debug|Any CPU
		{C92EC289-179D-4CA8-833A-3D448EEFB71C}.Debug|Any CPU.Build.0 = Debug|Any CPU
		{C92EC289-179D-4CA8-833A-3D448EEFB71C}.Release|Any CPU.ActiveCfg = Release|Any CPU
		{C92EC289-179D-4CA8-833A-3D448EEFB71C}.Release|Any CPU.Build.0 = Release|Any CPU
		{FE78F00B-36C8-4452-8F9D-2884F5E3C406}.Debug|Any CPU.ActiveCfg = Debug|Any CPU
		{FE78F00B-36C8-4452-8F9D-2884F5E3C406}.Debug|Any CPU.Build.0 = Debug|Any CPU
		{FE78F00B-36C8-4452-8F9D-2884F5E3C406}.Release|Any CPU.ActiveCfg = Release|Any CPU
		{FE78F00B-36C8-4452-8F9D-2884F5E3C406}.Release|Any CPU.Build.0 = Release|Any CPU
		{ADD6C757-A342-4940-A6B0-4CE6BE8FE38A}.Debug|Any CPU.ActiveCfg = Debug|Any CPU
		{ADD6C757-A342-4940-A6B0-4CE6BE8FE38A}.Debug|Any CPU.Build.0 = Debug|Any CPU
		{ADD6C757-A342-4940-A6B0-4CE6BE8FE38A}.Release|Any CPU.ActiveCfg = Release|Any CPU
		{ADD6C757-A342-4940-A6B0-4CE6BE8FE38A}.Release|Any CPU.Build.0 = Release|Any CPU
		{289615C8-8053-6B0C-BA00-102420E8D267}.Debug|Any CPU.ActiveCfg = Debug|Any CPU
		{289615C8-8053-6B0C-BA00-102420E8D267}.Debug|Any CPU.Build.0 = Debug|Any CPU
		{289615C8-8053-6B0C-BA00-102420E8D267}.Release|Any CPU.ActiveCfg = Release|Any CPU
		{289615C8-8053-6B0C-BA00-102420E8D267}.Release|Any CPU.Build.0 = Release|Any CPU
	EndGlobalSection
	GlobalSection(SolutionProperties) = preSolution
		HideSolutionNode = FALSE
	EndGlobalSection
	GlobalSection(ExtensibilityGlobals) = postSolution
		SolutionGuid = {BBBD4DB1-03A2-480E-885D-BD11A7720415}
	EndGlobalSection
EndGlobal
